Microsoft Visual Studio Solution File, Format Version 11.00
# Visual Studio 2008

Project("{FE2D70A1-473D-24DB-B3AC-A8F47357E339}") = "Lemon2", "Assembly-CSharp-firstpass-vs.csproj", "{5D782BA6-238C-2D96-7B88-8347F54CF766}"
EndProject
Project("{FE2D70A1-473D-24DB-B3AC-A8F47357E339}") = "Lemon2", "Assembly-CSharp-Editor-vs.csproj", "{5E65D83A-131F-42B7-7A02-E9DD3336C197}"
EndProject
Global
	GlobalSection(SolutionConfigurationPlatforms) = preSolution
		Debug|Any CPU = Debug|Any CPU
		Release|Any CPU = Release|Any CPU
	EndGlobalSection
	GlobalSection(ProjectConfigurationPlatforms) = postSolution
		{5D782BA6-238C-2D96-7B88-8347F54CF766}.Debug|Any CPU.ActiveCfg = Debug|Any CPU
		{5D782BA6-238C-2D96-7B88-8347F54CF766}.Debug|Any CPU.Build.0 = Debug|Any CPU
		{5D782BA6-238C-2D96-7B88-8347F54CF766}.Release|Any CPU.ActiveCfg = Release|Any CPU
		{5D782BA6-238C-2D96-7B88-8347F54CF766}.Release|Any CPU.Build.0 = Release|Any CPU
		{5E65D83A-131F-42B7-7A02-E9DD3336C197}.Debug|Any CPU.ActiveCfg = Debug|Any CPU
		{5E65D83A-131F-42B7-7A02-E9DD3336C197}.Debug|Any CPU.Build.0 = Debug|Any CPU
		{5E65D83A-131F-42B7-7A02-E9DD3336C197}.Release|Any CPU.ActiveCfg = Release|Any CPU
		{5E65D83A-131F-42B7-7A02-E9DD3336C197}.Release|Any CPU.Build.0 = Release|Any CPU
	EndGlobalSection
	GlobalSection(SolutionProperties) = preSolution
		HideSolutionNode = FALSE
	EndGlobalSection
																																																																		GlobalSection(MonoDevelopProperties) = preSolution
		StartupItem = Assembly-CSharp.csproj
		Policies = $0
		$0.TextStylePolicy = $1
		$1.inheritsSet = null
		$1.scope = text/x-csharp
		$0.CSharpFormattingPolicy = $2
		$2.inheritsSet = Mono
		$2.inheritsScope = text/x-csharp
		$2.scope = text/x-csharp
		$0.TextStylePolicy = $3
		$3.FileWidth = 120
		$3.TabWidth = 4
		$3.EolMarker = Unix
		$3.inheritsSet = Mono
		$3.inheritsScope = text/plain
		$3.scope = text/plain
	EndGlobalSection

EndGlobal
